
Microsoft Visual Studio Solution File, Format Version 12.00
# Visual Studio Version 17
VisualStudioVersion = 17.9.34616.47
MinimumVisualStudioVersion = 10.0.40219.1
Project("{9A19103F-16F7-4668-BE54-9A1E7A4F7556}") = "RestaurantesCercanos", "RestaurantesCercanos\RestaurantesCercanos.csproj", "{BD6D40B1-EC90-4F8B-BBB1-A6ECB65DED62}"
EndProject
Project("{FAE04EC0-301F-11D3-BF4B-00C04F79EFBC}") = "SpecFlowRestaurantes.specs", "SpecFlowRestaurantes.specs\SpecFlowRestaurantes.specs.csproj", "{667304C8-CB45-4DBE-8229-A065CD999832}"
EndProject
Global
	GlobalSection(SolutionConfigurationPlatforms) = preSolution
		Debug|Any CPU = Debug|Any CPU
		Release|Any CPU = Release|Any CPU
	EndGlobalSection
	GlobalSection(ProjectConfigurationPlatforms) = postSolution
		{BD6D40B1-EC90-4F8B-BBB1-A6ECB65DED62}.Debug|Any CPU.ActiveCfg = Debug|Any CPU
		{BD6D40B1-EC90-4F8B-BBB1-A6ECB65DED62}.Debug|Any CPU.Build.0 = Debug|Any CPU
		{BD6D40B1-EC90-4F8B-BBB1-A6ECB65DED62}.Release|Any CPU.ActiveCfg = Release|Any CPU
		{BD6D40B1-EC90-4F8B-BBB1-A6ECB65DED62}.Release|Any CPU.Build.0 = Release|Any CPU
		{667304C8-CB45-4DBE-8229-A065CD999832}.Debug|Any CPU.ActiveCfg = Debug|Any CPU
		{667304C8-CB45-4DBE-8229-A065CD999832}.Debug|Any CPU.Build.0 = Debug|Any CPU
		{667304C8-CB45-4DBE-8229-A065CD999832}.Release|Any CPU.ActiveCfg = Release|Any CPU
		{667304C8-CB45-4DBE-8229-A065CD999832}.Release|Any CPU.Build.0 = Release|Any CPU
	EndGlobalSection
	GlobalSection(SolutionProperties) = preSolution
		HideSolutionNode = FALSE
	EndGlobalSection
	GlobalSection(ExtensibilityGlobals) = postSolution
		SolutionGuid = {63AF46BD-5506-4FD8-A146-B05FF8B628D9}
	EndGlobalSection
EndGlobal
